
Microsoft Visual Studio Solution File, Format Version 12.00
# Visual Studio Version 17
VisualStudioVersion = 17.6.33712.159
MinimumVisualStudioVersion = 10.0.40219.1
Project("{FAE04EC0-301F-11D3-BF4B-00C04F79EFBC}") = "ConsoleApp1", "ConsoleApp1\ConsoleApp1.csproj", "{BB0582E6-A64C-4512-96B3-B81F2F50434B}"
EndProject
Global
	GlobalSection(SolutionConfigurationPlatforms) = preSolution
		Debug|Any CPU = Debug|Any CPU
		Release|Any CPU = Release|Any CPU
	EndGlobalSection
	GlobalSection(ProjectConfigurationPlatforms) = postSolution
		{BB0582E6-A64C-4512-96B3-B81F2F50434B}.Debug|Any CPU.ActiveCfg = Debug|Any CPU
		{BB0582E6-A64C-4512-96B3-B81F2F50434B}.Debug|Any CPU.Build.0 = Debug|Any CPU
		{BB0582E6-A64C-4512-96B3-B81F2F50434B}.Release|Any CPU.ActiveCfg = Release|Any CPU
		{BB0582E6-A64C-4512-96B3-B81F2F50434B}.Release|Any CPU.Build.0 = Release|Any CPU
	EndGlobalSection
	GlobalSection(SolutionProperties) = preSolution
		HideSolutionNode = FALSE
	EndGlobalSection
	GlobalSection(ExtensibilityGlobals) = postSolution
		SolutionGuid = {2DD789D7-FE59-4389-AF25-ECD1F0F1410D}
	EndGlobalSection
EndGlobal
