
Microsoft Visual Studio Solution File, Format Version 12.00
# Visual Studio Version 16
VisualStudioVersion = 16.0.29424.173
MinimumVisualStudioVersion = 10.0.40219.1
Project("{FAE04EC0-301F-11D3-BF4B-00C04F79EFBC}") = "ConsoleApp1", "ConsoleApp1\ConsoleApp1.csproj", "{B40E66FB-58B8-49F5-89C3-0A1EEDF05621}"
EndProject
Global
	GlobalSection(SolutionConfigurationPlatforms) = preSolution
		Debug|Any CPU = Debug|Any CPU
		Release|Any CPU = Release|Any CPU
	EndGlobalSection
	GlobalSection(ProjectConfigurationPlatforms) = postSolution
		{B40E66FB-58B8-49F5-89C3-0A1EEDF05621}.Debug|Any CPU.ActiveCfg = Debug|Any CPU
		{B40E66FB-58B8-49F5-89C3-0A1EEDF05621}.Debug|Any CPU.Build.0 = Debug|Any CPU
		{B40E66FB-58B8-49F5-89C3-0A1EEDF05621}.Release|Any CPU.ActiveCfg = Release|Any CPU
		{B40E66FB-58B8-49F5-89C3-0A1EEDF05621}.Release|Any CPU.Build.0 = Release|Any CPU
	EndGlobalSection
	GlobalSection(SolutionProperties) = preSolution
		HideSolutionNode = FALSE
	EndGlobalSection
	GlobalSection(ExtensibilityGlobals) = postSolution
		SolutionGuid = {996C8C4D-2B75-45B7-BB71-5792E3625B22}
	EndGlobalSection
EndGlobal
