
Microsoft Visual Studio Solution File, Format Version 12.00
# Visual Studio Version 16
VisualStudioVersion = 16.0.29424.173
MinimumVisualStudioVersion = 10.0.40219.1
Project("{9A19103F-16F7-4668-BE54-9A1E7A4F7556}") = "ConsoleApp1", "ConsoleApp1\ConsoleApp1.csproj", "{C6D4DCCB-D571-4ED6-B781-ABD21790B2F6}"
EndProject
Project("{FAE04EC0-301F-11D3-BF4B-00C04F79EFBC}") = "TestProject1", "TestProject1\TestProject1.csproj", "{0C458010-1163-4B4E-BA32-D6ACD323BD5D}"
EndProject
Global
	GlobalSection(SolutionConfigurationPlatforms) = preSolution
		Debug|Any CPU = Debug|Any CPU
		Release|Any CPU = Release|Any CPU
	EndGlobalSection
	GlobalSection(ProjectConfigurationPlatforms) = postSolution
		{C6D4DCCB-D571-4ED6-B781-ABD21790B2F6}.Debug|Any CPU.ActiveCfg = Debug|Any CPU
		{C6D4DCCB-D571-4ED6-B781-ABD21790B2F6}.Debug|Any CPU.Build.0 = Debug|Any CPU
		{C6D4DCCB-D571-4ED6-B781-ABD21790B2F6}.Release|Any CPU.ActiveCfg = Release|Any CPU
		{C6D4DCCB-D571-4ED6-B781-ABD21790B2F6}.Release|Any CPU.Build.0 = Release|Any CPU
		{0C458010-1163-4B4E-BA32-D6ACD323BD5D}.Debug|Any CPU.ActiveCfg = Debug|Any CPU
		{0C458010-1163-4B4E-BA32-D6ACD323BD5D}.Debug|Any CPU.Build.0 = Debug|Any CPU
		{0C458010-1163-4B4E-BA32-D6ACD323BD5D}.Release|Any CPU.ActiveCfg = Release|Any CPU
		{0C458010-1163-4B4E-BA32-D6ACD323BD5D}.Release|Any CPU.Build.0 = Release|Any CPU
	EndGlobalSection
	GlobalSection(SolutionProperties) = preSolution
		HideSolutionNode = FALSE
	EndGlobalSection
	GlobalSection(ExtensibilityGlobals) = postSolution
		SolutionGuid = {580DD518-183A-4A5D-B073-EE06944CAFFC}
	EndGlobalSection
EndGlobal
