
Microsoft Visual Studio Solution File, Format Version 12.00
# Visual Studio Version 16
VisualStudioVersion = 16.0.29424.173
MinimumVisualStudioVersion = 10.0.40219.1
Project("{FAE04EC0-301F-11D3-BF4B-00C04F79EFBC}") = "ConsoleApp1", "ConsoleApp1\ConsoleApp1.csproj", "{2F687F10-155A-4055-BEF9-323B26C30527}"
EndProject
Global
	GlobalSection(SolutionConfigurationPlatforms) = preSolution
		Debug|Any CPU = Debug|Any CPU
		Release|Any CPU = Release|Any CPU
	EndGlobalSection
	GlobalSection(ProjectConfigurationPlatforms) = postSolution
		{2F687F10-155A-4055-BEF9-323B26C30527}.Debug|Any CPU.ActiveCfg = Debug|Any CPU
		{2F687F10-155A-4055-BEF9-323B26C30527}.Debug|Any CPU.Build.0 = Debug|Any CPU
		{2F687F10-155A-4055-BEF9-323B26C30527}.Release|Any CPU.ActiveCfg = Release|Any CPU
		{2F687F10-155A-4055-BEF9-323B26C30527}.Release|Any CPU.Build.0 = Release|Any CPU
	EndGlobalSection
	GlobalSection(SolutionProperties) = preSolution
		HideSolutionNode = FALSE
	EndGlobalSection
	GlobalSection(ExtensibilityGlobals) = postSolution
		SolutionGuid = {84D94BDF-BEC2-4FAA-B329-2796A71C9672}
	EndGlobalSection
EndGlobal
