
Microsoft Visual Studio Solution File, Format Version 12.00
# Visual Studio Version 16
VisualStudioVersion = 16.0.29424.173
MinimumVisualStudioVersion = 10.0.40219.1
Project("{FAE04EC0-301F-11D3-BF4B-00C04F79EFBC}") = "ConsoleApp1", "ConsoleApp1\ConsoleApp1.csproj", "{5CC054D4-B2B5-4E4E-AA69-EAF210919AE4}"
EndProject
Global
	GlobalSection(SolutionConfigurationPlatforms) = preSolution
		Debug|Any CPU = Debug|Any CPU
		Release|Any CPU = Release|Any CPU
	EndGlobalSection
	GlobalSection(ProjectConfigurationPlatforms) = postSolution
		{5CC054D4-B2B5-4E4E-AA69-EAF210919AE4}.Debug|Any CPU.ActiveCfg = Debug|Any CPU
		{5CC054D4-B2B5-4E4E-AA69-EAF210919AE4}.Debug|Any CPU.Build.0 = Debug|Any CPU
		{5CC054D4-B2B5-4E4E-AA69-EAF210919AE4}.Release|Any CPU.ActiveCfg = Release|Any CPU
		{5CC054D4-B2B5-4E4E-AA69-EAF210919AE4}.Release|Any CPU.Build.0 = Release|Any CPU
	EndGlobalSection
	GlobalSection(SolutionProperties) = preSolution
		HideSolutionNode = FALSE
	EndGlobalSection
	GlobalSection(ExtensibilityGlobals) = postSolution
		SolutionGuid = {CABBCD79-E61F-41B2-B3DD-D455DE4545F3}
	EndGlobalSection
EndGlobal
