
Microsoft Visual Studio Solution File, Format Version 12.00
# Visual Studio Version 16
VisualStudioVersion = 16.0.29424.173
MinimumVisualStudioVersion = 10.0.40219.1
Project("{FAE04EC0-301F-11D3-BF4B-00C04F79EFBC}") = "ConsoleApp1", "ConsoleApp1\ConsoleApp1.csproj", "{183CB0E8-B924-44DA-B66F-E6A0DD57BEAE}"
EndProject
Global
	GlobalSection(SolutionConfigurationPlatforms) = preSolution
		Debug|Any CPU = Debug|Any CPU
		Release|Any CPU = Release|Any CPU
	EndGlobalSection
	GlobalSection(ProjectConfigurationPlatforms) = postSolution
		{183CB0E8-B924-44DA-B66F-E6A0DD57BEAE}.Debug|Any CPU.ActiveCfg = Debug|Any CPU
		{183CB0E8-B924-44DA-B66F-E6A0DD57BEAE}.Debug|Any CPU.Build.0 = Debug|Any CPU
		{183CB0E8-B924-44DA-B66F-E6A0DD57BEAE}.Release|Any CPU.ActiveCfg = Release|Any CPU
		{183CB0E8-B924-44DA-B66F-E6A0DD57BEAE}.Release|Any CPU.Build.0 = Release|Any CPU
	EndGlobalSection
	GlobalSection(SolutionProperties) = preSolution
		HideSolutionNode = FALSE
	EndGlobalSection
	GlobalSection(ExtensibilityGlobals) = postSolution
		SolutionGuid = {D3474F1C-0F0B-4F7A-A822-80DDB9843E7E}
	EndGlobalSection
EndGlobal
