
Microsoft Visual Studio Solution File, Format Version 12.00
# Visual Studio Version 16
VisualStudioVersion = 16.0.29424.173
MinimumVisualStudioVersion = 10.0.40219.1
Project("{FAE04EC0-301F-11D3-BF4B-00C04F79EFBC}") = "ConsoleApp1", "ConsoleApp1\ConsoleApp1.csproj", "{D72436CC-12B0-46CB-85C5-CCE403EF044D}"
EndProject
Global
	GlobalSection(SolutionConfigurationPlatforms) = preSolution
		Debug|Any CPU = Debug|Any CPU
		Release|Any CPU = Release|Any CPU
	EndGlobalSection
	GlobalSection(ProjectConfigurationPlatforms) = postSolution
		{D72436CC-12B0-46CB-85C5-CCE403EF044D}.Debug|Any CPU.ActiveCfg = Debug|Any CPU
		{D72436CC-12B0-46CB-85C5-CCE403EF044D}.Debug|Any CPU.Build.0 = Debug|Any CPU
		{D72436CC-12B0-46CB-85C5-CCE403EF044D}.Release|Any CPU.ActiveCfg = Release|Any CPU
		{D72436CC-12B0-46CB-85C5-CCE403EF044D}.Release|Any CPU.Build.0 = Release|Any CPU
	EndGlobalSection
	GlobalSection(SolutionProperties) = preSolution
		HideSolutionNode = FALSE
	EndGlobalSection
	GlobalSection(ExtensibilityGlobals) = postSolution
		SolutionGuid = {D6DF3CE1-7525-4F90-A37D-AB19FFB2625A}
	EndGlobalSection
EndGlobal
