
Microsoft Visual Studio Solution File, Format Version 12.00
# Visual Studio Version 16
VisualStudioVersion = 16.0.29424.173
MinimumVisualStudioVersion = 10.0.40219.1
Project("{FAE04EC0-301F-11D3-BF4B-00C04F79EFBC}") = "ConsoleApp1", "ConsoleApp1\ConsoleApp1.csproj", "{07F336AE-F642-47AF-87DF-F4B75091657B}"
EndProject
Global
	GlobalSection(SolutionConfigurationPlatforms) = preSolution
		Debug|Any CPU = Debug|Any CPU
		Release|Any CPU = Release|Any CPU
	EndGlobalSection
	GlobalSection(ProjectConfigurationPlatforms) = postSolution
		{07F336AE-F642-47AF-87DF-F4B75091657B}.Debug|Any CPU.ActiveCfg = Debug|Any CPU
		{07F336AE-F642-47AF-87DF-F4B75091657B}.Debug|Any CPU.Build.0 = Debug|Any CPU
		{07F336AE-F642-47AF-87DF-F4B75091657B}.Release|Any CPU.ActiveCfg = Release|Any CPU
		{07F336AE-F642-47AF-87DF-F4B75091657B}.Release|Any CPU.Build.0 = Release|Any CPU
	EndGlobalSection
	GlobalSection(SolutionProperties) = preSolution
		HideSolutionNode = FALSE
	EndGlobalSection
	GlobalSection(ExtensibilityGlobals) = postSolution
		SolutionGuid = {57AF5D60-C767-4632-9CB2-D7F4057A2E5C}
	EndGlobalSection
EndGlobal
