
Microsoft Visual Studio Solution File, Format Version 12.00
# Visual Studio Version 16
VisualStudioVersion = 16.0.31321.278
MinimumVisualStudioVersion = 10.0.40219.1
Project("{FAE04EC0-301F-11D3-BF4B-00C04F79EFBC}") = "ConsoleApp1", "ConsoleApp1\ConsoleApp1.csproj", "{B10FA9F7-B2D4-416E-8021-2AAB85E32EF3}"
EndProject
Project("{FAE04EC0-301F-11D3-BF4B-00C04F79EFBC}") = "TestProject1", "TestProject1\TestProject1.csproj", "{072094D5-4973-4E70-A086-3F64B46A0557}"
EndProject
Global
	GlobalSection(SolutionConfigurationPlatforms) = preSolution
		Debug|Any CPU = Debug|Any CPU
		Release|Any CPU = Release|Any CPU
	EndGlobalSection
	GlobalSection(ProjectConfigurationPlatforms) = postSolution
		{B10FA9F7-B2D4-416E-8021-2AAB85E32EF3}.Debug|Any CPU.ActiveCfg = Debug|Any CPU
		{B10FA9F7-B2D4-416E-8021-2AAB85E32EF3}.Debug|Any CPU.Build.0 = Debug|Any CPU
		{B10FA9F7-B2D4-416E-8021-2AAB85E32EF3}.Release|Any CPU.ActiveCfg = Release|Any CPU
		{B10FA9F7-B2D4-416E-8021-2AAB85E32EF3}.Release|Any CPU.Build.0 = Release|Any CPU
		{072094D5-4973-4E70-A086-3F64B46A0557}.Debug|Any CPU.ActiveCfg = Debug|Any CPU
		{072094D5-4973-4E70-A086-3F64B46A0557}.Debug|Any CPU.Build.0 = Debug|Any CPU
		{072094D5-4973-4E70-A086-3F64B46A0557}.Release|Any CPU.ActiveCfg = Release|Any CPU
		{072094D5-4973-4E70-A086-3F64B46A0557}.Release|Any CPU.Build.0 = Release|Any CPU
	EndGlobalSection
	GlobalSection(SolutionProperties) = preSolution
		HideSolutionNode = FALSE
	EndGlobalSection
	GlobalSection(ExtensibilityGlobals) = postSolution
		SolutionGuid = {6C7430B8-FEBD-4327-9B41-3EFD1B85913A}
	EndGlobalSection
EndGlobal
