
Microsoft Visual Studio Solution File, Format Version 12.00
# Visual Studio Version 16
VisualStudioVersion = 16.0.29424.173
MinimumVisualStudioVersion = 10.0.40219.1
Project("{FAE04EC0-301F-11D3-BF4B-00C04F79EFBC}") = "ConsoleApp1", "ConsoleApp1\ConsoleApp1.csproj", "{3AC6BA28-5072-4BD2-BDA4-940C5E566707}"
EndProject
Project("{FAE04EC0-301F-11D3-BF4B-00C04F79EFBC}") = "NUnitTestProject1", "NUnitTestProject1\NUnitTestProject1.csproj", "{76A8825A-EFC9-4C68-9ACB-6DEF0164BC88}"
EndProject
Global
	GlobalSection(SolutionConfigurationPlatforms) = preSolution
		Debug|Any CPU = Debug|Any CPU
		Release|Any CPU = Release|Any CPU
	EndGlobalSection
	GlobalSection(ProjectConfigurationPlatforms) = postSolution
		{3AC6BA28-5072-4BD2-BDA4-940C5E566707}.Debug|Any CPU.ActiveCfg = Debug|Any CPU
		{3AC6BA28-5072-4BD2-BDA4-940C5E566707}.Debug|Any CPU.Build.0 = Debug|Any CPU
		{3AC6BA28-5072-4BD2-BDA4-940C5E566707}.Release|Any CPU.ActiveCfg = Release|Any CPU
		{3AC6BA28-5072-4BD2-BDA4-940C5E566707}.Release|Any CPU.Build.0 = Release|Any CPU
		{76A8825A-EFC9-4C68-9ACB-6DEF0164BC88}.Debug|Any CPU.ActiveCfg = Debug|Any CPU
		{76A8825A-EFC9-4C68-9ACB-6DEF0164BC88}.Debug|Any CPU.Build.0 = Debug|Any CPU
		{76A8825A-EFC9-4C68-9ACB-6DEF0164BC88}.Release|Any CPU.ActiveCfg = Release|Any CPU
		{76A8825A-EFC9-4C68-9ACB-6DEF0164BC88}.Release|Any CPU.Build.0 = Release|Any CPU
	EndGlobalSection
	GlobalSection(SolutionProperties) = preSolution
		HideSolutionNode = FALSE
	EndGlobalSection
	GlobalSection(ExtensibilityGlobals) = postSolution
		SolutionGuid = {91168E54-DC63-4CA4-8D0F-A5D8F5E463C1}
	EndGlobalSection
EndGlobal
