
Microsoft Visual Studio Solution File, Format Version 12.00
# Visual Studio Version 16
VisualStudioVersion = 16.0.30907.101
MinimumVisualStudioVersion = 10.0.40219.1
Project("{FAE04EC0-301F-11D3-BF4B-00C04F79EFBC}") = "ConsoleApp1", "ConsoleApp1\ConsoleApp1.csproj", "{7E2F03B4-5EF1-4742-AE77-2FCD01B8539C}"
EndProject
Global
	GlobalSection(SolutionConfigurationPlatforms) = preSolution
		Debug|Any CPU = Debug|Any CPU
		Release|Any CPU = Release|Any CPU
	EndGlobalSection
	GlobalSection(ProjectConfigurationPlatforms) = postSolution
		{7E2F03B4-5EF1-4742-AE77-2FCD01B8539C}.Debug|Any CPU.ActiveCfg = Debug|Any CPU
		{7E2F03B4-5EF1-4742-AE77-2FCD01B8539C}.Debug|Any CPU.Build.0 = Debug|Any CPU
		{7E2F03B4-5EF1-4742-AE77-2FCD01B8539C}.Release|Any CPU.ActiveCfg = Release|Any CPU
		{7E2F03B4-5EF1-4742-AE77-2FCD01B8539C}.Release|Any CPU.Build.0 = Release|Any CPU
	EndGlobalSection
	GlobalSection(SolutionProperties) = preSolution
		HideSolutionNode = FALSE
	EndGlobalSection
	GlobalSection(ExtensibilityGlobals) = postSolution
		SolutionGuid = {69710086-F293-4FEC-90B8-35F4C0FBCAC1}
	EndGlobalSection
EndGlobal
