
Microsoft Visual Studio Solution File, Format Version 12.00
# Visual Studio Version 16
VisualStudioVersion = 16.0.31019.35
MinimumVisualStudioVersion = 10.0.40219.1
Project("{FAE04EC0-301F-11D3-BF4B-00C04F79EFBC}") = "ConsoleApp1", "ConsoleApp1\ConsoleApp1.csproj", "{FFF201C3-8E92-444B-932D-4A5ADE570F2E}"
EndProject
Global
	GlobalSection(SolutionConfigurationPlatforms) = preSolution
		Debug|Any CPU = Debug|Any CPU
		Release|Any CPU = Release|Any CPU
	EndGlobalSection
	GlobalSection(ProjectConfigurationPlatforms) = postSolution
		{FFF201C3-8E92-444B-932D-4A5ADE570F2E}.Debug|Any CPU.ActiveCfg = Debug|Any CPU
		{FFF201C3-8E92-444B-932D-4A5ADE570F2E}.Debug|Any CPU.Build.0 = Debug|Any CPU
		{FFF201C3-8E92-444B-932D-4A5ADE570F2E}.Release|Any CPU.ActiveCfg = Release|Any CPU
		{FFF201C3-8E92-444B-932D-4A5ADE570F2E}.Release|Any CPU.Build.0 = Release|Any CPU
	EndGlobalSection
	GlobalSection(SolutionProperties) = preSolution
		HideSolutionNode = FALSE
	EndGlobalSection
	GlobalSection(ExtensibilityGlobals) = postSolution
		SolutionGuid = {2BFDF190-B95C-4B0F-9A47-DC4FFB1B9780}
	EndGlobalSection
EndGlobal
