
Microsoft Visual Studio Solution File, Format Version 12.00
# Visual Studio Version 16
VisualStudioVersion = 16.0.29424.173
MinimumVisualStudioVersion = 10.0.40219.1
Project("{FAE04EC0-301F-11D3-BF4B-00C04F79EFBC}") = "ConsoleApp1", "ConsoleApp1\ConsoleApp1.csproj", "{44E82428-C797-43EF-8BE7-23B85074BE1C}"
EndProject
Global
	GlobalSection(SolutionConfigurationPlatforms) = preSolution
		Debug|Any CPU = Debug|Any CPU
		Release|Any CPU = Release|Any CPU
	EndGlobalSection
	GlobalSection(ProjectConfigurationPlatforms) = postSolution
		{44E82428-C797-43EF-8BE7-23B85074BE1C}.Debug|Any CPU.ActiveCfg = Debug|Any CPU
		{44E82428-C797-43EF-8BE7-23B85074BE1C}.Debug|Any CPU.Build.0 = Debug|Any CPU
		{44E82428-C797-43EF-8BE7-23B85074BE1C}.Release|Any CPU.ActiveCfg = Release|Any CPU
		{44E82428-C797-43EF-8BE7-23B85074BE1C}.Release|Any CPU.Build.0 = Release|Any CPU
	EndGlobalSection
	GlobalSection(SolutionProperties) = preSolution
		HideSolutionNode = FALSE
	EndGlobalSection
	GlobalSection(ExtensibilityGlobals) = postSolution
		SolutionGuid = {B266A626-8ADD-44AA-9FBB-34EA8D22F5CA}
	EndGlobalSection
EndGlobal
