
Microsoft Visual Studio Solution File, Format Version 12.00
# Visual Studio Version 16
VisualStudioVersion = 16.0.31321.278
MinimumVisualStudioVersion = 10.0.40219.1
Project("{FAE04EC0-301F-11D3-BF4B-00C04F79EFBC}") = "ConsoleApp1", "ConsoleApp1\ConsoleApp1.csproj", "{62ED320B-B2ED-450E-91A3-346A6457B528}"
EndProject
Global
	GlobalSection(SolutionConfigurationPlatforms) = preSolution
		Debug|Any CPU = Debug|Any CPU
		Release|Any CPU = Release|Any CPU
	EndGlobalSection
	GlobalSection(ProjectConfigurationPlatforms) = postSolution
		{62ED320B-B2ED-450E-91A3-346A6457B528}.Debug|Any CPU.ActiveCfg = Debug|Any CPU
		{62ED320B-B2ED-450E-91A3-346A6457B528}.Debug|Any CPU.Build.0 = Debug|Any CPU
		{62ED320B-B2ED-450E-91A3-346A6457B528}.Release|Any CPU.ActiveCfg = Release|Any CPU
		{62ED320B-B2ED-450E-91A3-346A6457B528}.Release|Any CPU.Build.0 = Release|Any CPU
	EndGlobalSection
	GlobalSection(SolutionProperties) = preSolution
		HideSolutionNode = FALSE
	EndGlobalSection
	GlobalSection(ExtensibilityGlobals) = postSolution
		SolutionGuid = {462F8A6C-B185-4FE8-8734-AFD97B4731AF}
	EndGlobalSection
EndGlobal
