
Microsoft Visual Studio Solution File, Format Version 12.00
# Visual Studio Version 16
VisualStudioVersion = 16.0.31321.278
MinimumVisualStudioVersion = 10.0.40219.1
Project("{FAE04EC0-301F-11D3-BF4B-00C04F79EFBC}") = "ConsoleApp1", "ConsoleApp1\ConsoleApp1.csproj", "{B6A57FE3-A159-4C1D-BFA8-AEDC6DA4E5D1}"
EndProject
Global
	GlobalSection(SolutionConfigurationPlatforms) = preSolution
		Debug|Any CPU = Debug|Any CPU
		Release|Any CPU = Release|Any CPU
	EndGlobalSection
	GlobalSection(ProjectConfigurationPlatforms) = postSolution
		{B6A57FE3-A159-4C1D-BFA8-AEDC6DA4E5D1}.Debug|Any CPU.ActiveCfg = Debug|Any CPU
		{B6A57FE3-A159-4C1D-BFA8-AEDC6DA4E5D1}.Debug|Any CPU.Build.0 = Debug|Any CPU
		{B6A57FE3-A159-4C1D-BFA8-AEDC6DA4E5D1}.Release|Any CPU.ActiveCfg = Release|Any CPU
		{B6A57FE3-A159-4C1D-BFA8-AEDC6DA4E5D1}.Release|Any CPU.Build.0 = Release|Any CPU
	EndGlobalSection
	GlobalSection(SolutionProperties) = preSolution
		HideSolutionNode = FALSE
	EndGlobalSection
	GlobalSection(ExtensibilityGlobals) = postSolution
		SolutionGuid = {E489DD2F-D0C3-4DD6-B6C8-03083D264CD2}
	EndGlobalSection
EndGlobal
