
Microsoft Visual Studio Solution File, Format Version 12.00
# Visual Studio Version 16
VisualStudioVersion = 16.0.29424.173
MinimumVisualStudioVersion = 10.0.40219.1
Project("{FAE04EC0-301F-11D3-BF4B-00C04F79EFBC}") = "ConsoleApp1", "ConsoleApp1\ConsoleApp1.csproj", "{F84E1B79-A180-47DC-A200-E27B80F72FAD}"
EndProject
Project("{FAE04EC0-301F-11D3-BF4B-00C04F79EFBC}") = "NUnitTestProject1", "NUnitTestProject1\NUnitTestProject1.csproj", "{9B804B62-F71D-427F-A2D1-C553B77C96B0}"
EndProject
Global
	GlobalSection(SolutionConfigurationPlatforms) = preSolution
		Debug|Any CPU = Debug|Any CPU
		Release|Any CPU = Release|Any CPU
	EndGlobalSection
	GlobalSection(ProjectConfigurationPlatforms) = postSolution
		{F84E1B79-A180-47DC-A200-E27B80F72FAD}.Debug|Any CPU.ActiveCfg = Debug|Any CPU
		{F84E1B79-A180-47DC-A200-E27B80F72FAD}.Debug|Any CPU.Build.0 = Debug|Any CPU
		{F84E1B79-A180-47DC-A200-E27B80F72FAD}.Release|Any CPU.ActiveCfg = Release|Any CPU
		{F84E1B79-A180-47DC-A200-E27B80F72FAD}.Release|Any CPU.Build.0 = Release|Any CPU
		{9B804B62-F71D-427F-A2D1-C553B77C96B0}.Debug|Any CPU.ActiveCfg = Debug|Any CPU
		{9B804B62-F71D-427F-A2D1-C553B77C96B0}.Debug|Any CPU.Build.0 = Debug|Any CPU
		{9B804B62-F71D-427F-A2D1-C553B77C96B0}.Release|Any CPU.ActiveCfg = Release|Any CPU
		{9B804B62-F71D-427F-A2D1-C553B77C96B0}.Release|Any CPU.Build.0 = Release|Any CPU
	EndGlobalSection
	GlobalSection(SolutionProperties) = preSolution
		HideSolutionNode = FALSE
	EndGlobalSection
	GlobalSection(ExtensibilityGlobals) = postSolution
		SolutionGuid = {27A1BBD3-1AA3-46E2-9C54-F3FAC9E3D12D}
	EndGlobalSection
EndGlobal
