
Microsoft Visual Studio Solution File, Format Version 12.00
# Visual Studio Version 16
VisualStudioVersion = 16.0.29424.173
MinimumVisualStudioVersion = 10.0.40219.1
Project("{FAE04EC0-301F-11D3-BF4B-00C04F79EFBC}") = "ConsoleApp1", "ConsoleApp1\ConsoleApp1.csproj", "{F9C4EF4C-68B8-462E-9077-03F8994A6DD8}"
EndProject
Project("{FAE04EC0-301F-11D3-BF4B-00C04F79EFBC}") = "ConsoleApp1Tests", "ConsoleApp1Tests\ConsoleApp1Tests.csproj", "{B6E0BBE5-ADB8-451B-A10A-796D6727F9B3}"
EndProject
Global
	GlobalSection(SolutionConfigurationPlatforms) = preSolution
		Debug|Any CPU = Debug|Any CPU
		Release|Any CPU = Release|Any CPU
	EndGlobalSection
	GlobalSection(ProjectConfigurationPlatforms) = postSolution
		{F9C4EF4C-68B8-462E-9077-03F8994A6DD8}.Debug|Any CPU.ActiveCfg = Debug|Any CPU
		{F9C4EF4C-68B8-462E-9077-03F8994A6DD8}.Debug|Any CPU.Build.0 = Debug|Any CPU
		{F9C4EF4C-68B8-462E-9077-03F8994A6DD8}.Release|Any CPU.ActiveCfg = Release|Any CPU
		{F9C4EF4C-68B8-462E-9077-03F8994A6DD8}.Release|Any CPU.Build.0 = Release|Any CPU
		{B6E0BBE5-ADB8-451B-A10A-796D6727F9B3}.Debug|Any CPU.ActiveCfg = Debug|Any CPU
		{B6E0BBE5-ADB8-451B-A10A-796D6727F9B3}.Debug|Any CPU.Build.0 = Debug|Any CPU
		{B6E0BBE5-ADB8-451B-A10A-796D6727F9B3}.Release|Any CPU.ActiveCfg = Release|Any CPU
		{B6E0BBE5-ADB8-451B-A10A-796D6727F9B3}.Release|Any CPU.Build.0 = Release|Any CPU
	EndGlobalSection
	GlobalSection(SolutionProperties) = preSolution
		HideSolutionNode = FALSE
	EndGlobalSection
	GlobalSection(ExtensibilityGlobals) = postSolution
		SolutionGuid = {D9B1B167-5E9C-4FCC-8CDC-26713E24ED69}
	EndGlobalSection
EndGlobal
