
Microsoft Visual Studio Solution File, Format Version 12.00
# Visual Studio Version 16
VisualStudioVersion = 16.0.29326.143
MinimumVisualStudioVersion = 10.0.40219.1
Project("{FAE04EC0-301F-11D3-BF4B-00C04F79EFBC}") = "ConsoleApp1", "ConsoleApp1\ConsoleApp1.csproj", "{9E499319-C636-4E73-A03F-2523D80AEFE3}"
EndProject
Project("{FAE04EC0-301F-11D3-BF4B-00C04F79EFBC}") = "ConsoleApp1Tests", "ConsoleApp1Tests\ConsoleApp1Tests.csproj", "{280AB3A5-D3EA-4796-8806-4753C29DF10B}"
EndProject
Global
	GlobalSection(SolutionConfigurationPlatforms) = preSolution
		Debug|Any CPU = Debug|Any CPU
		Release|Any CPU = Release|Any CPU
	EndGlobalSection
	GlobalSection(ProjectConfigurationPlatforms) = postSolution
		{9E499319-C636-4E73-A03F-2523D80AEFE3}.Debug|Any CPU.ActiveCfg = Debug|Any CPU
		{9E499319-C636-4E73-A03F-2523D80AEFE3}.Debug|Any CPU.Build.0 = Debug|Any CPU
		{9E499319-C636-4E73-A03F-2523D80AEFE3}.Release|Any CPU.ActiveCfg = Release|Any CPU
		{9E499319-C636-4E73-A03F-2523D80AEFE3}.Release|Any CPU.Build.0 = Release|Any CPU
		{280AB3A5-D3EA-4796-8806-4753C29DF10B}.Debug|Any CPU.ActiveCfg = Debug|Any CPU
		{280AB3A5-D3EA-4796-8806-4753C29DF10B}.Debug|Any CPU.Build.0 = Debug|Any CPU
		{280AB3A5-D3EA-4796-8806-4753C29DF10B}.Release|Any CPU.ActiveCfg = Release|Any CPU
		{280AB3A5-D3EA-4796-8806-4753C29DF10B}.Release|Any CPU.Build.0 = Release|Any CPU
	EndGlobalSection
	GlobalSection(SolutionProperties) = preSolution
		HideSolutionNode = FALSE
	EndGlobalSection
	GlobalSection(ExtensibilityGlobals) = postSolution
		SolutionGuid = {445A7B91-7506-48D8-B7E0-04C361AE805C}
	EndGlobalSection
EndGlobal
