
Microsoft Visual Studio Solution File, Format Version 12.00
# Visual Studio Version 16
VisualStudioVersion = 16.0.31321.278
MinimumVisualStudioVersion = 10.0.40219.1
Project("{FAE04EC0-301F-11D3-BF4B-00C04F79EFBC}") = "ConsoleApp1", "ConsoleApp1\ConsoleApp1.csproj", "{1FB631B7-2749-4675-B0E1-2D0B4C17E9C0}"
EndProject
Global
	GlobalSection(SolutionConfigurationPlatforms) = preSolution
		Debug|Any CPU = Debug|Any CPU
		Release|Any CPU = Release|Any CPU
	EndGlobalSection
	GlobalSection(ProjectConfigurationPlatforms) = postSolution
		{1FB631B7-2749-4675-B0E1-2D0B4C17E9C0}.Debug|Any CPU.ActiveCfg = Debug|Any CPU
		{1FB631B7-2749-4675-B0E1-2D0B4C17E9C0}.Debug|Any CPU.Build.0 = Debug|Any CPU
		{1FB631B7-2749-4675-B0E1-2D0B4C17E9C0}.Release|Any CPU.ActiveCfg = Release|Any CPU
		{1FB631B7-2749-4675-B0E1-2D0B4C17E9C0}.Release|Any CPU.Build.0 = Release|Any CPU
	EndGlobalSection
	GlobalSection(SolutionProperties) = preSolution
		HideSolutionNode = FALSE
	EndGlobalSection
	GlobalSection(ExtensibilityGlobals) = postSolution
		SolutionGuid = {DA04DF6B-879C-44B5-B0EA-403BE0652245}
	EndGlobalSection
EndGlobal
