
Microsoft Visual Studio Solution File, Format Version 12.00
# Visual Studio Version 16
VisualStudioVersion = 16.0.31321.278
MinimumVisualStudioVersion = 10.0.40219.1
Project("{FAE04EC0-301F-11D3-BF4B-00C04F79EFBC}") = "ConsoleApp1", "ConsoleApp1\ConsoleApp1.csproj", "{D1EC32BB-DC14-444B-9780-1748F2BE0B27}"
EndProject
Project("{FAE04EC0-301F-11D3-BF4B-00C04F79EFBC}") = "TestProject1", "TestProject1\TestProject1.csproj", "{259CA220-05B0-4E59-A240-EAFA5FE25593}"
EndProject
Global
	GlobalSection(SolutionConfigurationPlatforms) = preSolution
		Debug|Any CPU = Debug|Any CPU
		Release|Any CPU = Release|Any CPU
	EndGlobalSection
	GlobalSection(ProjectConfigurationPlatforms) = postSolution
		{D1EC32BB-DC14-444B-9780-1748F2BE0B27}.Debug|Any CPU.ActiveCfg = Debug|Any CPU
		{D1EC32BB-DC14-444B-9780-1748F2BE0B27}.Debug|Any CPU.Build.0 = Debug|Any CPU
		{D1EC32BB-DC14-444B-9780-1748F2BE0B27}.Release|Any CPU.ActiveCfg = Release|Any CPU
		{D1EC32BB-DC14-444B-9780-1748F2BE0B27}.Release|Any CPU.Build.0 = Release|Any CPU
		{259CA220-05B0-4E59-A240-EAFA5FE25593}.Debug|Any CPU.ActiveCfg = Debug|Any CPU
		{259CA220-05B0-4E59-A240-EAFA5FE25593}.Debug|Any CPU.Build.0 = Debug|Any CPU
		{259CA220-05B0-4E59-A240-EAFA5FE25593}.Release|Any CPU.ActiveCfg = Release|Any CPU
		{259CA220-05B0-4E59-A240-EAFA5FE25593}.Release|Any CPU.Build.0 = Release|Any CPU
	EndGlobalSection
	GlobalSection(SolutionProperties) = preSolution
		HideSolutionNode = FALSE
	EndGlobalSection
	GlobalSection(ExtensibilityGlobals) = postSolution
		SolutionGuid = {3F38F5F6-AEDD-4E9A-9ADF-061401E039F3}
	EndGlobalSection
EndGlobal
