
Microsoft Visual Studio Solution File, Format Version 12.00
# Visual Studio Version 16
VisualStudioVersion = 16.0.29424.173
MinimumVisualStudioVersion = 10.0.40219.1
Project("{FAE04EC0-301F-11D3-BF4B-00C04F79EFBC}") = "ConsoleApp1", "ConsoleApp1\ConsoleApp1.csproj", "{43AA04E8-20CE-44BF-AE60-B74AB6210410}"
EndProject
Project("{FAE04EC0-301F-11D3-BF4B-00C04F79EFBC}") = "ConsoleApp1Tests", "ConsoleApp1Tests\ConsoleApp1Tests.csproj", "{F15CE748-5285-4D55-8945-D417E5A66088}"
EndProject
Global
	GlobalSection(SolutionConfigurationPlatforms) = preSolution
		Debug|Any CPU = Debug|Any CPU
		Release|Any CPU = Release|Any CPU
	EndGlobalSection
	GlobalSection(ProjectConfigurationPlatforms) = postSolution
		{43AA04E8-20CE-44BF-AE60-B74AB6210410}.Debug|Any CPU.ActiveCfg = Debug|Any CPU
		{43AA04E8-20CE-44BF-AE60-B74AB6210410}.Debug|Any CPU.Build.0 = Debug|Any CPU
		{43AA04E8-20CE-44BF-AE60-B74AB6210410}.Release|Any CPU.ActiveCfg = Release|Any CPU
		{43AA04E8-20CE-44BF-AE60-B74AB6210410}.Release|Any CPU.Build.0 = Release|Any CPU
		{F15CE748-5285-4D55-8945-D417E5A66088}.Debug|Any CPU.ActiveCfg = Debug|Any CPU
		{F15CE748-5285-4D55-8945-D417E5A66088}.Debug|Any CPU.Build.0 = Debug|Any CPU
		{F15CE748-5285-4D55-8945-D417E5A66088}.Release|Any CPU.ActiveCfg = Release|Any CPU
		{F15CE748-5285-4D55-8945-D417E5A66088}.Release|Any CPU.Build.0 = Release|Any CPU
	EndGlobalSection
	GlobalSection(SolutionProperties) = preSolution
		HideSolutionNode = FALSE
	EndGlobalSection
	GlobalSection(ExtensibilityGlobals) = postSolution
		SolutionGuid = {B9C4A233-64F0-4CCD-9342-A5609F1461D7}
	EndGlobalSection
EndGlobal
