
Microsoft Visual Studio Solution File, Format Version 12.00
# Visual Studio Version 16
VisualStudioVersion = 16.0.29424.173
MinimumVisualStudioVersion = 10.0.40219.1
Project("{FAE04EC0-301F-11D3-BF4B-00C04F79EFBC}") = "ConsoleApp1", "ConsoleApp1\ConsoleApp1.csproj", "{841431C3-62CB-4F2F-B14B-34D1F4E0404B}"
EndProject
Project("{FAE04EC0-301F-11D3-BF4B-00C04F79EFBC}") = "ConsoleApp1Tests", "ConsoleApp1Tests\ConsoleApp1Tests.csproj", "{51C79620-E68A-4E71-95F8-CDC44764B108}"
EndProject
Global
	GlobalSection(SolutionConfigurationPlatforms) = preSolution
		Debug|Any CPU = Debug|Any CPU
		Release|Any CPU = Release|Any CPU
	EndGlobalSection
	GlobalSection(ProjectConfigurationPlatforms) = postSolution
		{841431C3-62CB-4F2F-B14B-34D1F4E0404B}.Debug|Any CPU.ActiveCfg = Debug|Any CPU
		{841431C3-62CB-4F2F-B14B-34D1F4E0404B}.Debug|Any CPU.Build.0 = Debug|Any CPU
		{841431C3-62CB-4F2F-B14B-34D1F4E0404B}.Release|Any CPU.ActiveCfg = Release|Any CPU
		{841431C3-62CB-4F2F-B14B-34D1F4E0404B}.Release|Any CPU.Build.0 = Release|Any CPU
		{51C79620-E68A-4E71-95F8-CDC44764B108}.Debug|Any CPU.ActiveCfg = Debug|Any CPU
		{51C79620-E68A-4E71-95F8-CDC44764B108}.Debug|Any CPU.Build.0 = Debug|Any CPU
		{51C79620-E68A-4E71-95F8-CDC44764B108}.Release|Any CPU.ActiveCfg = Release|Any CPU
		{51C79620-E68A-4E71-95F8-CDC44764B108}.Release|Any CPU.Build.0 = Release|Any CPU
	EndGlobalSection
	GlobalSection(SolutionProperties) = preSolution
		HideSolutionNode = FALSE
	EndGlobalSection
	GlobalSection(ExtensibilityGlobals) = postSolution
		SolutionGuid = {DAF479A1-FDD2-4814-87F8-975F1A7FA85F}
	EndGlobalSection
EndGlobal
