
Microsoft Visual Studio Solution File, Format Version 12.00
# Visual Studio Version 16
VisualStudioVersion = 16.0.31321.278
MinimumVisualStudioVersion = 10.0.40219.1
Project("{FAE04EC0-301F-11D3-BF4B-00C04F79EFBC}") = "ConsoleApp1", "ConsoleApp1\ConsoleApp1.csproj", "{05711497-A500-461A-A1BB-9A43B3290954}"
EndProject
Project("{FAE04EC0-301F-11D3-BF4B-00C04F79EFBC}") = "TestProject1", "TestProject1\TestProject1.csproj", "{F4E72F02-AFD1-4E65-9E37-BF6F50D5A6D5}"
EndProject
Global
	GlobalSection(SolutionConfigurationPlatforms) = preSolution
		Debug|Any CPU = Debug|Any CPU
		Release|Any CPU = Release|Any CPU
	EndGlobalSection
	GlobalSection(ProjectConfigurationPlatforms) = postSolution
		{05711497-A500-461A-A1BB-9A43B3290954}.Debug|Any CPU.ActiveCfg = Debug|Any CPU
		{05711497-A500-461A-A1BB-9A43B3290954}.Debug|Any CPU.Build.0 = Debug|Any CPU
		{05711497-A500-461A-A1BB-9A43B3290954}.Release|Any CPU.ActiveCfg = Release|Any CPU
		{05711497-A500-461A-A1BB-9A43B3290954}.Release|Any CPU.Build.0 = Release|Any CPU
		{F4E72F02-AFD1-4E65-9E37-BF6F50D5A6D5}.Debug|Any CPU.ActiveCfg = Debug|Any CPU
		{F4E72F02-AFD1-4E65-9E37-BF6F50D5A6D5}.Debug|Any CPU.Build.0 = Debug|Any CPU
		{F4E72F02-AFD1-4E65-9E37-BF6F50D5A6D5}.Release|Any CPU.ActiveCfg = Release|Any CPU
		{F4E72F02-AFD1-4E65-9E37-BF6F50D5A6D5}.Release|Any CPU.Build.0 = Release|Any CPU
	EndGlobalSection
	GlobalSection(SolutionProperties) = preSolution
		HideSolutionNode = FALSE
	EndGlobalSection
	GlobalSection(ExtensibilityGlobals) = postSolution
		SolutionGuid = {FEB0CED9-FE6E-4888-AD8A-748B16418B01}
	EndGlobalSection
EndGlobal
