
Microsoft Visual Studio Solution File, Format Version 12.00
# Visual Studio Version 17
VisualStudioVersion = 17.6.33712.159
MinimumVisualStudioVersion = 10.0.40219.1
Project("{FAE04EC0-301F-11D3-BF4B-00C04F79EFBC}") = "ConsoleApp1", "ConsoleApp1\ConsoleApp1.csproj", "{AD6FCB07-AD91-4611-A50C-B3217B9AF90D}"
EndProject
Global
	GlobalSection(SolutionConfigurationPlatforms) = preSolution
		Debug|Any CPU = Debug|Any CPU
		Release|Any CPU = Release|Any CPU
	EndGlobalSection
	GlobalSection(ProjectConfigurationPlatforms) = postSolution
		{AD6FCB07-AD91-4611-A50C-B3217B9AF90D}.Debug|Any CPU.ActiveCfg = Debug|Any CPU
		{AD6FCB07-AD91-4611-A50C-B3217B9AF90D}.Debug|Any CPU.Build.0 = Debug|Any CPU
		{AD6FCB07-AD91-4611-A50C-B3217B9AF90D}.Release|Any CPU.ActiveCfg = Release|Any CPU
		{AD6FCB07-AD91-4611-A50C-B3217B9AF90D}.Release|Any CPU.Build.0 = Release|Any CPU
	EndGlobalSection
	GlobalSection(SolutionProperties) = preSolution
		HideSolutionNode = FALSE
	EndGlobalSection
	GlobalSection(ExtensibilityGlobals) = postSolution
		SolutionGuid = {8B16EB52-87DD-434F-B39F-9A3375C81FFC}
	EndGlobalSection
EndGlobal
