
Microsoft Visual Studio Solution File, Format Version 12.00
# Visual Studio Version 16
VisualStudioVersion = 16.0.29424.173
MinimumVisualStudioVersion = 10.0.40219.1
Project("{FAE04EC0-301F-11D3-BF4B-00C04F79EFBC}") = "ConsoleApp1", "ConsoleApp1\ConsoleApp1.csproj", "{23C16B05-21E9-442D-B669-2FF8921DA045}"
EndProject
Global
	GlobalSection(SolutionConfigurationPlatforms) = preSolution
		Debug|Any CPU = Debug|Any CPU
		Release|Any CPU = Release|Any CPU
	EndGlobalSection
	GlobalSection(ProjectConfigurationPlatforms) = postSolution
		{23C16B05-21E9-442D-B669-2FF8921DA045}.Debug|Any CPU.ActiveCfg = Debug|Any CPU
		{23C16B05-21E9-442D-B669-2FF8921DA045}.Debug|Any CPU.Build.0 = Debug|Any CPU
		{23C16B05-21E9-442D-B669-2FF8921DA045}.Release|Any CPU.ActiveCfg = Release|Any CPU
		{23C16B05-21E9-442D-B669-2FF8921DA045}.Release|Any CPU.Build.0 = Release|Any CPU
	EndGlobalSection
	GlobalSection(SolutionProperties) = preSolution
		HideSolutionNode = FALSE
	EndGlobalSection
	GlobalSection(ExtensibilityGlobals) = postSolution
		SolutionGuid = {6D8BC11E-5F23-4C52-A218-ED731DB064D3}
	EndGlobalSection
EndGlobal
