
Microsoft Visual Studio Solution File, Format Version 12.00
# Visual Studio Version 16
VisualStudioVersion = 16.0.29326.143
MinimumVisualStudioVersion = 10.0.40219.1
Project("{FAE04EC0-301F-11D3-BF4B-00C04F79EFBC}") = "ConsoleApp1", "ConsoleApp1\ConsoleApp1.csproj", "{639B8C39-5BA0-4F65-A15C-EE4FA34C56C7}"
EndProject
Project("{FAE04EC0-301F-11D3-BF4B-00C04F79EFBC}") = "ConsoleApp1Tests", "ConsoleApp1Tests\ConsoleApp1Tests.csproj", "{2C745090-6063-4506-8A64-8FC9A15322C9}"
EndProject
Global
	GlobalSection(SolutionConfigurationPlatforms) = preSolution
		Debug|Any CPU = Debug|Any CPU
		Release|Any CPU = Release|Any CPU
	EndGlobalSection
	GlobalSection(ProjectConfigurationPlatforms) = postSolution
		{639B8C39-5BA0-4F65-A15C-EE4FA34C56C7}.Debug|Any CPU.ActiveCfg = Debug|Any CPU
		{639B8C39-5BA0-4F65-A15C-EE4FA34C56C7}.Debug|Any CPU.Build.0 = Debug|Any CPU
		{639B8C39-5BA0-4F65-A15C-EE4FA34C56C7}.Release|Any CPU.ActiveCfg = Release|Any CPU
		{639B8C39-5BA0-4F65-A15C-EE4FA34C56C7}.Release|Any CPU.Build.0 = Release|Any CPU
		{2C745090-6063-4506-8A64-8FC9A15322C9}.Debug|Any CPU.ActiveCfg = Debug|Any CPU
		{2C745090-6063-4506-8A64-8FC9A15322C9}.Debug|Any CPU.Build.0 = Debug|Any CPU
		{2C745090-6063-4506-8A64-8FC9A15322C9}.Release|Any CPU.ActiveCfg = Release|Any CPU
		{2C745090-6063-4506-8A64-8FC9A15322C9}.Release|Any CPU.Build.0 = Release|Any CPU
	EndGlobalSection
	GlobalSection(SolutionProperties) = preSolution
		HideSolutionNode = FALSE
	EndGlobalSection
	GlobalSection(ExtensibilityGlobals) = postSolution
		SolutionGuid = {62F152C9-1F94-492E-B781-60562DFB1836}
	EndGlobalSection
EndGlobal
