
Microsoft Visual Studio Solution File, Format Version 12.00
# Visual Studio Version 16
VisualStudioVersion = 16.0.29424.173
MinimumVisualStudioVersion = 10.0.40219.1
Project("{FAE04EC0-301F-11D3-BF4B-00C04F79EFBC}") = "ConsoleApp1", "ConsoleApp1\ConsoleApp1.csproj", "{0BB21028-2A93-45C5-B2C3-13EBBA6BE0C5}"
EndProject
Global
	GlobalSection(SolutionConfigurationPlatforms) = preSolution
		Debug|Any CPU = Debug|Any CPU
		Release|Any CPU = Release|Any CPU
	EndGlobalSection
	GlobalSection(ProjectConfigurationPlatforms) = postSolution
		{0BB21028-2A93-45C5-B2C3-13EBBA6BE0C5}.Debug|Any CPU.ActiveCfg = Debug|Any CPU
		{0BB21028-2A93-45C5-B2C3-13EBBA6BE0C5}.Debug|Any CPU.Build.0 = Debug|Any CPU
		{0BB21028-2A93-45C5-B2C3-13EBBA6BE0C5}.Release|Any CPU.ActiveCfg = Release|Any CPU
		{0BB21028-2A93-45C5-B2C3-13EBBA6BE0C5}.Release|Any CPU.Build.0 = Release|Any CPU
	EndGlobalSection
	GlobalSection(SolutionProperties) = preSolution
		HideSolutionNode = FALSE
	EndGlobalSection
	GlobalSection(ExtensibilityGlobals) = postSolution
		SolutionGuid = {9050A197-F361-45CC-89C6-FC11491A1786}
	EndGlobalSection
EndGlobal
