
Microsoft Visual Studio Solution File, Format Version 12.00
# Visual Studio Version 16
VisualStudioVersion = 16.0.31321.278
MinimumVisualStudioVersion = 10.0.40219.1
Project("{FAE04EC0-301F-11D3-BF4B-00C04F79EFBC}") = "ConsoleApp1", "ConsoleApp1\ConsoleApp1.csproj", "{74A9486F-C1FC-4127-8D73-548B384FD794}"
EndProject
Global
	GlobalSection(SolutionConfigurationPlatforms) = preSolution
		Debug|Any CPU = Debug|Any CPU
		Release|Any CPU = Release|Any CPU
	EndGlobalSection
	GlobalSection(ProjectConfigurationPlatforms) = postSolution
		{74A9486F-C1FC-4127-8D73-548B384FD794}.Debug|Any CPU.ActiveCfg = Debug|Any CPU
		{74A9486F-C1FC-4127-8D73-548B384FD794}.Debug|Any CPU.Build.0 = Debug|Any CPU
		{74A9486F-C1FC-4127-8D73-548B384FD794}.Release|Any CPU.ActiveCfg = Release|Any CPU
		{74A9486F-C1FC-4127-8D73-548B384FD794}.Release|Any CPU.Build.0 = Release|Any CPU
	EndGlobalSection
	GlobalSection(SolutionProperties) = preSolution
		HideSolutionNode = FALSE
	EndGlobalSection
	GlobalSection(ExtensibilityGlobals) = postSolution
		SolutionGuid = {899F4588-8331-466D-A7DE-40188B476A32}
	EndGlobalSection
EndGlobal
