
Microsoft Visual Studio Solution File, Format Version 12.00
# Visual Studio Version 16
VisualStudioVersion = 16.0.29424.173
MinimumVisualStudioVersion = 10.0.40219.1
Project("{FAE04EC0-301F-11D3-BF4B-00C04F79EFBC}") = "ConsoleApp1", "ConsoleApp1\ConsoleApp1.csproj", "{206A5AB0-2C83-42D0-B096-D428332008E2}"
EndProject
Project("{FAE04EC0-301F-11D3-BF4B-00C04F79EFBC}") = "ConsoleApp1Tests", "ConsoleApp1Tests\ConsoleApp1Tests.csproj", "{1C0BF679-CD2D-4DD2-B016-23FE7FF21635}"
EndProject
Global
	GlobalSection(SolutionConfigurationPlatforms) = preSolution
		Debug|Any CPU = Debug|Any CPU
		Release|Any CPU = Release|Any CPU
	EndGlobalSection
	GlobalSection(ProjectConfigurationPlatforms) = postSolution
		{206A5AB0-2C83-42D0-B096-D428332008E2}.Debug|Any CPU.ActiveCfg = Debug|Any CPU
		{206A5AB0-2C83-42D0-B096-D428332008E2}.Debug|Any CPU.Build.0 = Debug|Any CPU
		{206A5AB0-2C83-42D0-B096-D428332008E2}.Release|Any CPU.ActiveCfg = Release|Any CPU
		{206A5AB0-2C83-42D0-B096-D428332008E2}.Release|Any CPU.Build.0 = Release|Any CPU
		{1C0BF679-CD2D-4DD2-B016-23FE7FF21635}.Debug|Any CPU.ActiveCfg = Debug|Any CPU
		{1C0BF679-CD2D-4DD2-B016-23FE7FF21635}.Debug|Any CPU.Build.0 = Debug|Any CPU
		{1C0BF679-CD2D-4DD2-B016-23FE7FF21635}.Release|Any CPU.ActiveCfg = Release|Any CPU
		{1C0BF679-CD2D-4DD2-B016-23FE7FF21635}.Release|Any CPU.Build.0 = Release|Any CPU
	EndGlobalSection
	GlobalSection(SolutionProperties) = preSolution
		HideSolutionNode = FALSE
	EndGlobalSection
	GlobalSection(ExtensibilityGlobals) = postSolution
		SolutionGuid = {98E8915B-69E5-4032-A7C1-187011AE12C0}
	EndGlobalSection
EndGlobal
