
Microsoft Visual Studio Solution File, Format Version 12.00
# Visual Studio Version 16
VisualStudioVersion = 16.0.31019.35
MinimumVisualStudioVersion = 10.0.40219.1
Project("{FAE04EC0-301F-11D3-BF4B-00C04F79EFBC}") = "ConsoleApp1", "ConsoleApp1\ConsoleApp1.csproj", "{D3035284-EC2E-44B4-BEE7-18ECF4405D9B}"
EndProject
Project("{FAE04EC0-301F-11D3-BF4B-00C04F79EFBC}") = "NUnitTestProject1", "NUnitTestProject1\NUnitTestProject1.csproj", "{B1E6CFFE-EB74-4857-A1C3-E21F43E8B5B9}"
EndProject
Global
	GlobalSection(SolutionConfigurationPlatforms) = preSolution
		Debug|Any CPU = Debug|Any CPU
		Release|Any CPU = Release|Any CPU
	EndGlobalSection
	GlobalSection(ProjectConfigurationPlatforms) = postSolution
		{D3035284-EC2E-44B4-BEE7-18ECF4405D9B}.Debug|Any CPU.ActiveCfg = Debug|Any CPU
		{D3035284-EC2E-44B4-BEE7-18ECF4405D9B}.Debug|Any CPU.Build.0 = Debug|Any CPU
		{D3035284-EC2E-44B4-BEE7-18ECF4405D9B}.Release|Any CPU.ActiveCfg = Release|Any CPU
		{D3035284-EC2E-44B4-BEE7-18ECF4405D9B}.Release|Any CPU.Build.0 = Release|Any CPU
		{B1E6CFFE-EB74-4857-A1C3-E21F43E8B5B9}.Debug|Any CPU.ActiveCfg = Debug|Any CPU
		{B1E6CFFE-EB74-4857-A1C3-E21F43E8B5B9}.Debug|Any CPU.Build.0 = Debug|Any CPU
		{B1E6CFFE-EB74-4857-A1C3-E21F43E8B5B9}.Release|Any CPU.ActiveCfg = Release|Any CPU
		{B1E6CFFE-EB74-4857-A1C3-E21F43E8B5B9}.Release|Any CPU.Build.0 = Release|Any CPU
	EndGlobalSection
	GlobalSection(SolutionProperties) = preSolution
		HideSolutionNode = FALSE
	EndGlobalSection
	GlobalSection(ExtensibilityGlobals) = postSolution
		SolutionGuid = {5D9E5C01-1F6F-4B7A-B4B2-D6E34E174A3A}
	EndGlobalSection
EndGlobal
