
Microsoft Visual Studio Solution File, Format Version 12.00
# Visual Studio Version 16
VisualStudioVersion = 16.0.29424.173
MinimumVisualStudioVersion = 10.0.40219.1
Project("{FAE04EC0-301F-11D3-BF4B-00C04F79EFBC}") = "ConsoleApp1", "ConsoleApp1\ConsoleApp1.csproj", "{F34BB7C9-187C-46B6-90E4-A1A7F7D2009F}"
EndProject
Global
	GlobalSection(SolutionConfigurationPlatforms) = preSolution
		Debug|Any CPU = Debug|Any CPU
		Release|Any CPU = Release|Any CPU
	EndGlobalSection
	GlobalSection(ProjectConfigurationPlatforms) = postSolution
		{F34BB7C9-187C-46B6-90E4-A1A7F7D2009F}.Debug|Any CPU.ActiveCfg = Debug|Any CPU
		{F34BB7C9-187C-46B6-90E4-A1A7F7D2009F}.Debug|Any CPU.Build.0 = Debug|Any CPU
		{F34BB7C9-187C-46B6-90E4-A1A7F7D2009F}.Release|Any CPU.ActiveCfg = Release|Any CPU
		{F34BB7C9-187C-46B6-90E4-A1A7F7D2009F}.Release|Any CPU.Build.0 = Release|Any CPU
	EndGlobalSection
	GlobalSection(SolutionProperties) = preSolution
		HideSolutionNode = FALSE
	EndGlobalSection
	GlobalSection(ExtensibilityGlobals) = postSolution
		SolutionGuid = {5386D085-2851-4105-8000-B61E32883A84}
	EndGlobalSection
EndGlobal
