
Microsoft Visual Studio Solution File, Format Version 12.00
# Visual Studio Version 16
VisualStudioVersion = 16.0.31321.278
MinimumVisualStudioVersion = 10.0.40219.1
Project("{FAE04EC0-301F-11D3-BF4B-00C04F79EFBC}") = "ConsoleApp1", "ConsoleApp1\ConsoleApp1.csproj", "{55FD8A4D-D8B9-44D4-AAE0-293F735C5E48}"
EndProject
Global
	GlobalSection(SolutionConfigurationPlatforms) = preSolution
		Debug|Any CPU = Debug|Any CPU
		Release|Any CPU = Release|Any CPU
	EndGlobalSection
	GlobalSection(ProjectConfigurationPlatforms) = postSolution
		{55FD8A4D-D8B9-44D4-AAE0-293F735C5E48}.Debug|Any CPU.ActiveCfg = Debug|Any CPU
		{55FD8A4D-D8B9-44D4-AAE0-293F735C5E48}.Debug|Any CPU.Build.0 = Debug|Any CPU
		{55FD8A4D-D8B9-44D4-AAE0-293F735C5E48}.Release|Any CPU.ActiveCfg = Release|Any CPU
		{55FD8A4D-D8B9-44D4-AAE0-293F735C5E48}.Release|Any CPU.Build.0 = Release|Any CPU
	EndGlobalSection
	GlobalSection(SolutionProperties) = preSolution
		HideSolutionNode = FALSE
	EndGlobalSection
	GlobalSection(ExtensibilityGlobals) = postSolution
		SolutionGuid = {159A4D6A-A6E1-48AA-BF6C-95DE25F47B43}
	EndGlobalSection
EndGlobal
