
Microsoft Visual Studio Solution File, Format Version 12.00
# Visual Studio Version 16
VisualStudioVersion = 16.0.29424.173
MinimumVisualStudioVersion = 10.0.40219.1
Project("{FAE04EC0-301F-11D3-BF4B-00C04F79EFBC}") = "ConsoleApp2", "ConsoleApp2\ConsoleApp2.csproj", "{2E4E3F46-FB5D-41BA-9435-124E61B7406D}"
EndProject
Global
	GlobalSection(SolutionConfigurationPlatforms) = preSolution
		Debug|Any CPU = Debug|Any CPU
		Release|Any CPU = Release|Any CPU
	EndGlobalSection
	GlobalSection(ProjectConfigurationPlatforms) = postSolution
		{2E4E3F46-FB5D-41BA-9435-124E61B7406D}.Debug|Any CPU.ActiveCfg = Debug|Any CPU
		{2E4E3F46-FB5D-41BA-9435-124E61B7406D}.Debug|Any CPU.Build.0 = Debug|Any CPU
		{2E4E3F46-FB5D-41BA-9435-124E61B7406D}.Release|Any CPU.ActiveCfg = Release|Any CPU
		{2E4E3F46-FB5D-41BA-9435-124E61B7406D}.Release|Any CPU.Build.0 = Release|Any CPU
	EndGlobalSection
	GlobalSection(SolutionProperties) = preSolution
		HideSolutionNode = FALSE
	EndGlobalSection
	GlobalSection(ExtensibilityGlobals) = postSolution
		SolutionGuid = {58769D8C-34A7-4209-AF8F-98F3176F1005}
	EndGlobalSection
EndGlobal
