
Microsoft Visual Studio Solution File, Format Version 12.00
# Visual Studio Version 16
VisualStudioVersion = 16.0.29424.173
MinimumVisualStudioVersion = 10.0.40219.1
Project("{FAE04EC0-301F-11D3-BF4B-00C04F79EFBC}") = "ConsoleApp1", "ConsoleApp1\ConsoleApp1.csproj", "{5063C385-CF76-4227-9B9B-06E54CBA5AB9}"
EndProject
Project("{FAE04EC0-301F-11D3-BF4B-00C04F79EFBC}") = "ConsoleApp1Tests", "ConsoleApp1Tests\ConsoleApp1Tests.csproj", "{DE885625-29E9-4FD3-8DC7-DCBB6211BE54}"
EndProject
Global
	GlobalSection(SolutionConfigurationPlatforms) = preSolution
		Debug|Any CPU = Debug|Any CPU
		Release|Any CPU = Release|Any CPU
	EndGlobalSection
	GlobalSection(ProjectConfigurationPlatforms) = postSolution
		{5063C385-CF76-4227-9B9B-06E54CBA5AB9}.Debug|Any CPU.ActiveCfg = Debug|Any CPU
		{5063C385-CF76-4227-9B9B-06E54CBA5AB9}.Debug|Any CPU.Build.0 = Debug|Any CPU
		{5063C385-CF76-4227-9B9B-06E54CBA5AB9}.Release|Any CPU.ActiveCfg = Release|Any CPU
		{5063C385-CF76-4227-9B9B-06E54CBA5AB9}.Release|Any CPU.Build.0 = Release|Any CPU
		{DE885625-29E9-4FD3-8DC7-DCBB6211BE54}.Debug|Any CPU.ActiveCfg = Debug|Any CPU
		{DE885625-29E9-4FD3-8DC7-DCBB6211BE54}.Debug|Any CPU.Build.0 = Debug|Any CPU
		{DE885625-29E9-4FD3-8DC7-DCBB6211BE54}.Release|Any CPU.ActiveCfg = Release|Any CPU
		{DE885625-29E9-4FD3-8DC7-DCBB6211BE54}.Release|Any CPU.Build.0 = Release|Any CPU
	EndGlobalSection
	GlobalSection(SolutionProperties) = preSolution
		HideSolutionNode = FALSE
	EndGlobalSection
	GlobalSection(ExtensibilityGlobals) = postSolution
		SolutionGuid = {F1ED795A-2157-44BB-9D25-37776C74DB60}
	EndGlobalSection
EndGlobal
