
Microsoft Visual Studio Solution File, Format Version 12.00
# Visual Studio Version 16
VisualStudioVersion = 16.0.29424.173
MinimumVisualStudioVersion = 10.0.40219.1
Project("{FAE04EC0-301F-11D3-BF4B-00C04F79EFBC}") = "ConsoleApp1", "ConsoleApp1\ConsoleApp1.csproj", "{9667933A-D5CD-4F17-8710-0EFAB0C3611C}"
EndProject
Global
	GlobalSection(SolutionConfigurationPlatforms) = preSolution
		Debug|Any CPU = Debug|Any CPU
		Release|Any CPU = Release|Any CPU
	EndGlobalSection
	GlobalSection(ProjectConfigurationPlatforms) = postSolution
		{9667933A-D5CD-4F17-8710-0EFAB0C3611C}.Debug|Any CPU.ActiveCfg = Debug|Any CPU
		{9667933A-D5CD-4F17-8710-0EFAB0C3611C}.Debug|Any CPU.Build.0 = Debug|Any CPU
		{9667933A-D5CD-4F17-8710-0EFAB0C3611C}.Release|Any CPU.ActiveCfg = Release|Any CPU
		{9667933A-D5CD-4F17-8710-0EFAB0C3611C}.Release|Any CPU.Build.0 = Release|Any CPU
	EndGlobalSection
	GlobalSection(SolutionProperties) = preSolution
		HideSolutionNode = FALSE
	EndGlobalSection
	GlobalSection(ExtensibilityGlobals) = postSolution
		SolutionGuid = {E05995D9-2F8F-4B82-846D-2656C2F100A7}
	EndGlobalSection
EndGlobal
