
Microsoft Visual Studio Solution File, Format Version 12.00
# Visual Studio Version 16
VisualStudioVersion = 16.0.31321.278
MinimumVisualStudioVersion = 10.0.40219.1
Project("{FAE04EC0-301F-11D3-BF4B-00C04F79EFBC}") = "ConsoleApp1", "ConsoleApp1\ConsoleApp1.csproj", "{EC0CB204-8FA3-4695-B724-2528CD2AC2FF}"
EndProject
Project("{FAE04EC0-301F-11D3-BF4B-00C04F79EFBC}") = "TestProject1", "TestProject1\TestProject1.csproj", "{1089FCBC-3ECD-470C-8ECE-7CC0C3A3A989}"
EndProject
Global
	GlobalSection(SolutionConfigurationPlatforms) = preSolution
		Debug|Any CPU = Debug|Any CPU
		Release|Any CPU = Release|Any CPU
	EndGlobalSection
	GlobalSection(ProjectConfigurationPlatforms) = postSolution
		{EC0CB204-8FA3-4695-B724-2528CD2AC2FF}.Debug|Any CPU.ActiveCfg = Debug|Any CPU
		{EC0CB204-8FA3-4695-B724-2528CD2AC2FF}.Debug|Any CPU.Build.0 = Debug|Any CPU
		{EC0CB204-8FA3-4695-B724-2528CD2AC2FF}.Release|Any CPU.ActiveCfg = Release|Any CPU
		{EC0CB204-8FA3-4695-B724-2528CD2AC2FF}.Release|Any CPU.Build.0 = Release|Any CPU
		{1089FCBC-3ECD-470C-8ECE-7CC0C3A3A989}.Debug|Any CPU.ActiveCfg = Debug|Any CPU
		{1089FCBC-3ECD-470C-8ECE-7CC0C3A3A989}.Debug|Any CPU.Build.0 = Debug|Any CPU
		{1089FCBC-3ECD-470C-8ECE-7CC0C3A3A989}.Release|Any CPU.ActiveCfg = Release|Any CPU
		{1089FCBC-3ECD-470C-8ECE-7CC0C3A3A989}.Release|Any CPU.Build.0 = Release|Any CPU
	EndGlobalSection
	GlobalSection(SolutionProperties) = preSolution
		HideSolutionNode = FALSE
	EndGlobalSection
	GlobalSection(ExtensibilityGlobals) = postSolution
		SolutionGuid = {BEF0B4D1-9A8C-4CB7-9D64-C0139455BF6A}
	EndGlobalSection
EndGlobal
