
Microsoft Visual Studio Solution File, Format Version 12.00
# Visual Studio Version 16
VisualStudioVersion = 16.0.30907.101
MinimumVisualStudioVersion = 10.0.40219.1
Project("{9A19103F-16F7-4668-BE54-9A1E7A4F7556}") = "ConsoleApp1", "ConsoleApp1\ConsoleApp1.csproj", "{9E9CA6E7-BCF9-47CD-AE1E-563669A6EFA4}"
EndProject
Project("{FAE04EC0-301F-11D3-BF4B-00C04F79EFBC}") = "NUnitTestProject1", "NUnitTestProject1\NUnitTestProject1.csproj", "{709E33D3-375B-4C94-B70D-CF984C195F68}"
EndProject
Global
	GlobalSection(SolutionConfigurationPlatforms) = preSolution
		Debug|Any CPU = Debug|Any CPU
		Release|Any CPU = Release|Any CPU
	EndGlobalSection
	GlobalSection(ProjectConfigurationPlatforms) = postSolution
		{9E9CA6E7-BCF9-47CD-AE1E-563669A6EFA4}.Debug|Any CPU.ActiveCfg = Debug|Any CPU
		{9E9CA6E7-BCF9-47CD-AE1E-563669A6EFA4}.Debug|Any CPU.Build.0 = Debug|Any CPU
		{9E9CA6E7-BCF9-47CD-AE1E-563669A6EFA4}.Release|Any CPU.ActiveCfg = Release|Any CPU
		{9E9CA6E7-BCF9-47CD-AE1E-563669A6EFA4}.Release|Any CPU.Build.0 = Release|Any CPU
		{709E33D3-375B-4C94-B70D-CF984C195F68}.Debug|Any CPU.ActiveCfg = Debug|Any CPU
		{709E33D3-375B-4C94-B70D-CF984C195F68}.Debug|Any CPU.Build.0 = Debug|Any CPU
		{709E33D3-375B-4C94-B70D-CF984C195F68}.Release|Any CPU.ActiveCfg = Release|Any CPU
		{709E33D3-375B-4C94-B70D-CF984C195F68}.Release|Any CPU.Build.0 = Release|Any CPU
	EndGlobalSection
	GlobalSection(SolutionProperties) = preSolution
		HideSolutionNode = FALSE
	EndGlobalSection
	GlobalSection(ExtensibilityGlobals) = postSolution
		SolutionGuid = {91C530CD-6BF7-44A8-9703-C8E5B24C995C}
	EndGlobalSection
EndGlobal
