
Microsoft Visual Studio Solution File, Format Version 12.00
# Visual Studio Version 16
VisualStudioVersion = 16.0.29326.143
MinimumVisualStudioVersion = 10.0.40219.1
Project("{FAE04EC0-301F-11D3-BF4B-00C04F79EFBC}") = "ConsoleApp1", "ConsoleApp1\ConsoleApp1.csproj", "{75074A61-C9DD-4A4D-8170-214021C34A68}"
EndProject
Global
	GlobalSection(SolutionConfigurationPlatforms) = preSolution
		Debug|Any CPU = Debug|Any CPU
		Release|Any CPU = Release|Any CPU
	EndGlobalSection
	GlobalSection(ProjectConfigurationPlatforms) = postSolution
		{75074A61-C9DD-4A4D-8170-214021C34A68}.Debug|Any CPU.ActiveCfg = Debug|Any CPU
		{75074A61-C9DD-4A4D-8170-214021C34A68}.Debug|Any CPU.Build.0 = Debug|Any CPU
		{75074A61-C9DD-4A4D-8170-214021C34A68}.Release|Any CPU.ActiveCfg = Release|Any CPU
		{75074A61-C9DD-4A4D-8170-214021C34A68}.Release|Any CPU.Build.0 = Release|Any CPU
	EndGlobalSection
	GlobalSection(SolutionProperties) = preSolution
		HideSolutionNode = FALSE
	EndGlobalSection
	GlobalSection(ExtensibilityGlobals) = postSolution
		SolutionGuid = {BE1C3250-EAD1-4A2A-905D-7146C59AD06B}
	EndGlobalSection
EndGlobal
